<?xml version="1.0" encoding="utf-8"?>
<Project ToolsVersion="4.0" xmlns="http://schemas.microsoft.com/developer/msbuild/2003">
  <ItemGroup>
    <Filter Include="Source Files">
      <UniqueIdentifier>{4FC737F1-C7A5-4376-A066-2A32D752A2FF}</UniqueIdentifier>
      <Extensions>cpp;c;cc;cxx;c++;cppm;ixx;def;odl;idl;hpj;bat;asm;asmx</Extensions>
    </Filter>
    <Filter Include="Header Files">
      <UniqueIdentifier>{93995380-89BD-4b04-88EB-625FBE52EBFB}</UniqueIdentifier>
      <Extensions>h;hh;hpp;hxx;h++;hm;inl;inc;ipp;xsd</Extensions>
    </Filter>
    <Filter Include="Resource Files">
      <UniqueIdentifier>{67DA6AB6-F800-4c08-8B7A-83BB121AAD01}</UniqueIdentifier>
      <Extensions>rc;ico;cur;bmp;dlg;rc2;rct;bin;rgs;gif;jpg;jpeg;jpe;resx;tiff;tif;png;wav;mfcribbon-ms</Extensions>
    </Filter>
    <Filter Include="Header Files\Gases">
      <UniqueIdentifier>{fc25e7d1-552e-4873-9d57-9253085e4c44}</UniqueIdentifier>
    </Filter>
    <Filter Include="Header Files\Liquids">
      <UniqueIdentifier>{e82ab319-31c2-4478-a924-ed12303b4bb0}</UniqueIdentifier>
    </Filter>
    <Filter Include="Header Files\Solids">
      <UniqueIdentifier>{e41b689d-0c92-40b3-bc10-811c39d6f408}</UniqueIdentifier>
    </Filter>
    <Filter Include="Header Files\Engine">
      <UniqueIdentifier>{89e5558d-342e-438b-aeb2-3b87d750b102}</UniqueIdentifier>
    </Filter>
  </ItemGroup>
  <ItemGroup>
    <ClCompile Include="Main.cpp">
      <Filter>Source Files</Filter>
    </ClCompile>
    <ClCompile Include="Object.cpp">
      <Filter>Source Files</Filter>
    </ClCompile>
    <ClCompile Include="Matrix.cpp">
      <Filter>Source Files</Filter>
    </ClCompile>
    <ClCompile Include="Engine.cpp">
      <Filter>Source Files</Filter>
    </ClCompile>
    <ClCompile Include="Random.cpp">
      <Filter>Source Files</Filter>
    </ClCompile>
    <ClCompile Include="Stopwatch.cpp">
      <Filter>Source Files</Filter>
    </ClCompile>
    <ClCompile Include="Event.cpp">
      <Filter>Source Files</Filter>
    </ClCompile>
    <ClCompile Include="Math.cpp">
      <Filter>Source Files</Filter>
    </ClCompile>
    <ClCompile Include="GameObject.cpp">
      <Filter>Source Files</Filter>
    </ClCompile>
    <ClCompile Include="EngineData.cpp">
      <Filter>Source Files</Filter>
    </ClCompile>
    <ClCompile Include="Scene.cpp">
      <Filter>Source Files</Filter>
    </ClCompile>
    <ClCompile Include="Time.cpp">
      <Filter>Source Files</Filter>
    </ClCompile>
    <ClCompile Include="Temperature.cpp">
      <Filter>Source Files</Filter>
    </ClCompile>
    <ClCompile Include="Debug.cpp">
      <Filter>Source Files</Filter>
    </ClCompile>
    <ClCompile Include="Color.cpp">
      <Filter>Source Files</Filter>
    </ClCompile>
    <ClCompile Include="DynamicSolid.cpp">
      <Filter>Source Files</Filter>
    </ClCompile>
    <ClCompile Include="Element.cpp">
      <Filter>Source Files</Filter>
    </ClCompile>
    <ClCompile Include="Gas.cpp">
      <Filter>Source Files</Filter>
    </ClCompile>
    <ClCompile Include="Liquid.cpp">
      <Filter>Source Files</Filter>
    </ClCompile>
    <ClCompile Include="Sand.cpp">
      <Filter>Source Files</Filter>
    </ClCompile>
    <ClCompile Include="Solid.cpp">
      <Filter>Source Files</Filter>
    </ClCompile>
    <ClCompile Include="StaticSolid.cpp">
      <Filter>Source Files</Filter>
    </ClCompile>
    <ClCompile Include="Vapor.cpp">
      <Filter>Source Files</Filter>
    </ClCompile>
    <ClCompile Include="Water.cpp">
      <Filter>Source Files</Filter>
    </ClCompile>
    <ClCompile Include="Bedrock.cpp">
      <Filter>Source Files</Filter>
    </ClCompile>
    <ClCompile Include="Wood.cpp">
      <Filter>Source Files</Filter>
    </ClCompile>
    <ClCompile Include="Stone.cpp">
      <Filter>Source Files</Filter>
    </ClCompile>
    <ClCompile Include="Molten.cpp">
      <Filter>Source Files</Filter>
    </ClCompile>
    <ClCompile Include="Steam.cpp">
      <Filter>Source Files</Filter>
    </ClCompile>
    <ClCompile Include="Rock.cpp">
      <Filter>Source Files</Filter>
    </ClCompile>
    <ClCompile Include="Glass.cpp">
      <Filter>Source Files</Filter>
    </ClCompile>
    <ClCompile Include="Ice.cpp">
      <Filter>Source Files</Filter>
    </ClCompile>
    <ClCompile Include="Fire.cpp">
      <Filter>Source Files</Filter>
    </ClCompile>
    <ClCompile Include="Flame.cpp">
      <Filter>Source Files</Filter>
    </ClCompile>
    <ClCompile Include="Ash.cpp">
      <Filter>Source Files</Filter>
    </ClCompile>
    <ClCompile Include="Conductor.cpp">
      <Filter>Source Files</Filter>
    </ClCompile>
    <ClCompile Include="Particle.cpp">
      <Filter>Source Files</Filter>
    </ClCompile>
    <ClCompile Include="Spark.cpp">
      <Filter>Source Files</Filter>
    </ClCompile>
    <ClCompile Include="Iron.cpp">
      <Filter>Source Files</Filter>
    </ClCompile>
    <ClCompile Include="SceneLoader.cpp">
      <Filter>Source Files</Filter>
    </ClCompile>
  </ItemGroup>
  <ItemGroup>
    <ClInclude Include="Engine.h">
      <Filter>Header Files\Engine</Filter>
    </ClInclude>
    <ClInclude Include="EngineData.h">
      <Filter>Header Files\Engine</Filter>
    </ClInclude>
    <ClInclude Include="Event.h">
      <Filter>Header Files\Engine</Filter>
    </ClInclude>
    <ClInclude Include="FastNoiseLite.h">
      <Filter>Header Files\Engine</Filter>
    </ClInclude>
    <ClInclude Include="GameObject.h">
      <Filter>Header Files\Engine</Filter>
    </ClInclude>
    <ClInclude Include="Math.h">
      <Filter>Header Files\Engine</Filter>
    </ClInclude>
    <ClInclude Include="Matrix.h">
      <Filter>Header Files\Engine</Filter>
    </ClInclude>
    <ClInclude Include="Object.h">
      <Filter>Header Files\Engine</Filter>
    </ClInclude>
    <ClInclude Include="Random.h">
      <Filter>Header Files\Engine</Filter>
    </ClInclude>
    <ClInclude Include="Scene.h">
      <Filter>Header Files\Engine</Filter>
    </ClInclude>
    <ClInclude Include="Stopwatch.h">
      <Filter>Header Files\Engine</Filter>
    </ClInclude>
    <ClInclude Include="Time.h">
      <Filter>Header Files\Engine</Filter>
    </ClInclude>
    <ClInclude Include="Debug.h">
      <Filter>Header Files\Engine</Filter>
    </ClInclude>
    <ClInclude Include="Temperature.h">
      <Filter>Header Files\Engine</Filter>
    </ClInclude>
    <ClInclude Include="Color.h">
      <Filter>Header Files\Engine</Filter>
    </ClInclude>
    <ClInclude Include="Element.h">
      <Filter>Header Files</Filter>
    </ClInclude>
    <ClInclude Include="Vapor.h">
      <Filter>Header Files\Gases</Filter>
    </ClInclude>
    <ClInclude Include="Gas.h">
      <Filter>Header Files\Gases</Filter>
    </ClInclude>
    <ClInclude Include="DynamicSolid.h">
      <Filter>Header Files\Solids</Filter>
    </ClInclude>
    <ClInclude Include="Liquid.h">
      <Filter>Header Files\Liquids</Filter>
    </ClInclude>
    <ClInclude Include="Sand.h">
      <Filter>Header Files\Solids</Filter>
    </ClInclude>
    <ClInclude Include="Solid.h">
      <Filter>Header Files\Solids</Filter>
    </ClInclude>
    <ClInclude Include="StaticSolid.h">
      <Filter>Header Files\Solids</Filter>
    </ClInclude>
    <ClInclude Include="Water.h">
      <Filter>Header Files\Liquids</Filter>
    </ClInclude>
    <ClInclude Include="Bedrock.h">
      <Filter>Header Files\Solids</Filter>
    </ClInclude>
    <ClInclude Include="Stone.h">
      <Filter>Header Files\Solids</Filter>
    </ClInclude>
    <ClInclude Include="Wood.h">
      <Filter>Header Files\Solids</Filter>
    </ClInclude>
    <ClInclude Include="Molten.h">
      <Filter>Header Files\Liquids</Filter>
    </ClInclude>
    <ClInclude Include="Steam.h">
      <Filter>Header Files\Gases</Filter>
    </ClInclude>
    <ClInclude Include="Glass.h">
      <Filter>Header Files\Solids</Filter>
    </ClInclude>
    <ClInclude Include="Rock.h">
      <Filter>Header Files\Solids</Filter>
    </ClInclude>
    <ClInclude Include="Ice.h">
      <Filter>Header Files\Solids</Filter>
    </ClInclude>
    <ClInclude Include="Ash.h">
      <Filter>Header Files\Solids</Filter>
    </ClInclude>
    <ClInclude Include="Fire.h">
      <Filter>Header Files\Solids</Filter>
    </ClInclude>
    <ClInclude Include="Flame.h">
      <Filter>Header Files\Gases</Filter>
    </ClInclude>
    <ClInclude Include="Conductor.h">
      <Filter>Header Files\Solids</Filter>
    </ClInclude>
    <ClInclude Include="Particle.h">
      <Filter>Header Files\Solids</Filter>
    </ClInclude>
    <ClInclude Include="Spark.h">
      <Filter>Header Files\Solids</Filter>
    </ClInclude>
    <ClInclude Include="Iron.h">
      <Filter>Header Files\Solids</Filter>
    </ClInclude>
    <ClInclude Include="SceneLoader.h">
      <Filter>Header Files</Filter>
    </ClInclude>
  </ItemGroup>
  <ItemGroup>
    <None Include="Elements.csv">
      <Filter>Resource Files</Filter>
    </None>
  </ItemGroup>
</Project>